# This file is automatically @generated by Cargo.
# It is not intended for manual editing.
version = 4

[[package]]
name = "anyhow"
version = "1.0.100"
source = "registry+https://github.com/rust-lang/crates.io-index"
checksum = "a23eb6b1614318a8071c9b2521f36b424b2c83db5eb3a0fead4a6c0809af6e61"

[[package]]
name = "bitflags"
version = "2.10.0"
source = "registry+https://github.com/rust-lang/crates.io-index"
checksum = "812e12b5285cc515a9c72a5c1d3b6d46a19dac5acfef5265968c166106e31dd3"

[[package]]
name = "embedded-hal"
version = "1.0.0"
source = "registry+https://github.com/rust-lang/crates.io-index"
checksum = "361a90feb7004eca4019fb28352a9465666b24f840f5c3cddf0ff13920590b89"

[[package]]
name = "firmoto-playground"
version = "0.1.0"
dependencies = [
 "anyhow",
 "embedded-hal",
 "flatbuffers",
 "static_cell",
]

[[package]]
name = "flatbuffers"
version = "25.9.23"
source = "registry+https://github.com/rust-lang/crates.io-index"
checksum = "09b6620799e7340ebd9968d2e0708eb82cf1971e9a16821e2091b6d6e475eed5"
dependencies = [
 "bitflags",
 "rustc_version",
]

[[package]]
name = "portable-atomic"
version = "1.11.1"
source = "registry+https://github.com/rust-lang/crates.io-index"
checksum = "f84267b20a16ea918e43c6a88433c2d54fa145c92a811b5b047ccbe153674483"

[[package]]
name = "rustc_version"
version = "0.4.1"
source = "registry+https://github.com/rust-lang/crates.io-index"
checksum = "cfcb3a22ef46e85b45de6ee7e79d063319ebb6594faafcf1c225ea92ab6e9b92"
dependencies = [
 "semver",
]

[[package]]
name = "semver"
version = "1.0.27"
source = "registry+https://github.com/rust-lang/crates.io-index"
checksum = "d767eb0aabc880b29956c35734170f26ed551a859dbd361d140cdbeca61ab1e2"

[[package]]
name = "static_cell"
version = "2.1.1"
source = "registry+https://github.com/rust-lang/crates.io-index"
checksum = "0530892bb4fa575ee0da4b86f86c667132a94b74bb72160f58ee5a4afec74c23"
dependencies = [
 "portable-atomic",
]
